
Microsoft Visual Studio Solution File, Format Version 12.00
# Visual Studio Version 17
VisualStudioVersion = 17.12.35506.116
MinimumVisualStudioVersion = 10.0.40219.1
Project("{FAE04EC0-301F-11D3-BF4B-00C04F79EFBC}") = "UserManagementMvc", "UserManagementMvc\UserManagementMvc.csproj", "{E257285A-1588-4325-B730-4496B28F144D}"
EndProject
Project("{FAE04EC0-301F-11D3-BF4B-00C04F79EFBC}") = "UI", "UI\UI.csproj", "{EEA16D33-3E01-4EAA-8F7D-6F9AF6F37793}"
EndProject
Global
	GlobalSection(SolutionConfigurationPlatforms) = preSolution
		Debug|Any CPU = Debug|Any CPU
		Release|Any CPU = Release|Any CPU
	EndGlobalSection
	GlobalSection(ProjectConfigurationPlatforms) = postSolution
		{E257285A-1588-4325-B730-4496B28F144D}.Debug|Any CPU.ActiveCfg = Debug|Any CPU
		{E257285A-1588-4325-B730-4496B28F144D}.Debug|Any CPU.Build.0 = Debug|Any CPU
		{E257285A-1588-4325-B730-4496B28F144D}.Release|Any CPU.ActiveCfg = Release|Any CPU
		{E257285A-1588-4325-B730-4496B28F144D}.Release|Any CPU.Build.0 = Release|Any CPU
		{EEA16D33-3E01-4EAA-8F7D-6F9AF6F37793}.Debug|Any CPU.ActiveCfg = Debug|Any CPU
		{EEA16D33-3E01-4EAA-8F7D-6F9AF6F37793}.Debug|Any CPU.Build.0 = Debug|Any CPU
		{EEA16D33-3E01-4EAA-8F7D-6F9AF6F37793}.Release|Any CPU.ActiveCfg = Release|Any CPU
		{EEA16D33-3E01-4EAA-8F7D-6F9AF6F37793}.Release|Any CPU.Build.0 = Release|Any CPU
	EndGlobalSection
	GlobalSection(SolutionProperties) = preSolution
		HideSolutionNode = FALSE
	EndGlobalSection
EndGlobal
